
Microsoft Visual Studio Solution File, Format Version 12.00
Project("{FAE04EC0-301F-11D3-BF4B-00C04F79EFBC}") = "Chapter_14_Values_Into_Groups", "Chapter_14_Values_Into_Groups.csproj", "{1C2BB244-6D6B-42C9-89DE-344A7EA84793}"
EndProject
Global
	GlobalSection(SolutionConfigurationPlatforms) = preSolution
		Debug|Any CPU = Debug|Any CPU
		Release|Any CPU = Release|Any CPU
	EndGlobalSection
	GlobalSection(ProjectConfigurationPlatforms) = postSolution
		{1C2BB244-6D6B-42C9-89DE-344A7EA84793}.Debug|Any CPU.ActiveCfg = Debug|Any CPU
		{1C2BB244-6D6B-42C9-89DE-344A7EA84793}.Debug|Any CPU.Build.0 = Debug|Any CPU
		{1C2BB244-6D6B-42C9-89DE-344A7EA84793}.Release|Any CPU.ActiveCfg = Release|Any CPU
		{1C2BB244-6D6B-42C9-89DE-344A7EA84793}.Release|Any CPU.Build.0 = Release|Any CPU
	EndGlobalSection
EndGlobal
