
Microsoft Visual Studio Solution File, Format Version 12.00
# Visual Studio Version 16
VisualStudioVersion = 16.0.28922.388
MinimumVisualStudioVersion = 10.0.40219.1
Project("{FAE04EC0-301F-11D3-BF4B-00C04F79EFBC}") = "Chapter_8_Code_Magnet_1", "Chapter_8_Code_Magnet_1.csproj", "{F7E3E808-9A5C-4C4D-91F6-624897F84C0C}"
EndProject
Global
	GlobalSection(SolutionConfigurationPlatforms) = preSolution
		Debug|Any CPU = Debug|Any CPU
		Release|Any CPU = Release|Any CPU
	EndGlobalSection
	GlobalSection(ProjectConfigurationPlatforms) = postSolution
		{F7E3E808-9A5C-4C4D-91F6-624897F84C0C}.Debug|Any CPU.ActiveCfg = Debug|Any CPU
		{F7E3E808-9A5C-4C4D-91F6-624897F84C0C}.Debug|Any CPU.Build.0 = Debug|Any CPU
		{F7E3E808-9A5C-4C4D-91F6-624897F84C0C}.Release|Any CPU.ActiveCfg = Release|Any CPU
		{F7E3E808-9A5C-4C4D-91F6-624897F84C0C}.Release|Any CPU.Build.0 = Release|Any CPU
	EndGlobalSection
	GlobalSection(SolutionProperties) = preSolution
		HideSolutionNode = FALSE
	EndGlobalSection
	GlobalSection(ExtensibilityGlobals) = postSolution
		SolutionGuid = {9307233D-5CD0-4121-9302-B76AB38B1958}
	EndGlobalSection
EndGlobal
