
Microsoft Visual Studio Solution File, Format Version 12.00
Project("{FAE04EC0-301F-11D3-BF4B-00C04F79EFBC}") = "Chapter_9_Unicode_Exercise", "Chapter_9_Unicode_Exercise.csproj", "{03450A22-7938-4034-904A-451A344C4169}"
EndProject
Global
	GlobalSection(SolutionConfigurationPlatforms) = preSolution
		Debug|Any CPU = Debug|Any CPU
		Release|Any CPU = Release|Any CPU
	EndGlobalSection
	GlobalSection(ProjectConfigurationPlatforms) = postSolution
		{03450A22-7938-4034-904A-451A344C4169}.Debug|Any CPU.ActiveCfg = Debug|Any CPU
		{03450A22-7938-4034-904A-451A344C4169}.Debug|Any CPU.Build.0 = Debug|Any CPU
		{03450A22-7938-4034-904A-451A344C4169}.Release|Any CPU.ActiveCfg = Release|Any CPU
		{03450A22-7938-4034-904A-451A344C4169}.Release|Any CPU.Build.0 = Release|Any CPU
	EndGlobalSection
EndGlobal
