
Microsoft Visual Studio Solution File, Format Version 12.00
Project("{FAE04EC0-301F-11D3-BF4B-00C04F79EFBC}") = "Chapter_8_Cards_2", "Chapter_8_Cards_2.csproj", "{EE08D310-F527-4F63-A08D-F8EFEB1BA212}"
EndProject
Global
	GlobalSection(SolutionConfigurationPlatforms) = preSolution
		Debug|Any CPU = Debug|Any CPU
		Release|Any CPU = Release|Any CPU
	EndGlobalSection
	GlobalSection(ProjectConfigurationPlatforms) = postSolution
		{EE08D310-F527-4F63-A08D-F8EFEB1BA212}.Debug|Any CPU.ActiveCfg = Debug|Any CPU
		{EE08D310-F527-4F63-A08D-F8EFEB1BA212}.Debug|Any CPU.Build.0 = Debug|Any CPU
		{EE08D310-F527-4F63-A08D-F8EFEB1BA212}.Release|Any CPU.ActiveCfg = Release|Any CPU
		{EE08D310-F527-4F63-A08D-F8EFEB1BA212}.Release|Any CPU.Build.0 = Release|Any CPU
	EndGlobalSection
EndGlobal
