
Microsoft Visual Studio Solution File, Format Version 12.00
# Visual Studio 15
VisualStudioVersion = 15.0.28307.329
MinimumVisualStudioVersion = 10.0.40219.1
Project("{FAE04EC0-301F-11D3-BF4B-00C04F79EFBC}") = "Chapter_7_Pool_Puzzle_1", "Chapter_7_Pool_Puzzle_1.csproj", "{566CAB09-11E1-4953-BE00-4B778D73194F}"
EndProject
Global
	GlobalSection(SolutionConfigurationPlatforms) = preSolution
		Debug|Any CPU = Debug|Any CPU
		Release|Any CPU = Release|Any CPU
	EndGlobalSection
	GlobalSection(ProjectConfigurationPlatforms) = postSolution
		{566CAB09-11E1-4953-BE00-4B778D73194F}.Debug|Any CPU.ActiveCfg = Debug|Any CPU
		{566CAB09-11E1-4953-BE00-4B778D73194F}.Debug|Any CPU.Build.0 = Debug|Any CPU
		{566CAB09-11E1-4953-BE00-4B778D73194F}.Release|Any CPU.ActiveCfg = Release|Any CPU
		{566CAB09-11E1-4953-BE00-4B778D73194F}.Release|Any CPU.Build.0 = Release|Any CPU
	EndGlobalSection
	GlobalSection(SolutionProperties) = preSolution
		HideSolutionNode = FALSE
	EndGlobalSection
	GlobalSection(ExtensibilityGlobals) = postSolution
		SolutionGuid = {78BADECE-814E-40F3-9622-499799067A46}
	EndGlobalSection
EndGlobal
