
Microsoft Visual Studio Solution File, Format Version 12.00
# Visual Studio 15
VisualStudioVersion = 15.0.28307.168
MinimumVisualStudioVersion = 10.0.40219.1
Project("{FAE04EC0-301F-11D3-BF4B-00C04F79EFBC}") = "Chapter_6_Beehive", "Chapter_6_Beehive\Chapter_6_Beehive.csproj", "{E2E00AEC-D98F-46AB-B5B7-8C6E1DE6B125}"
EndProject
Global
	GlobalSection(SolutionConfigurationPlatforms) = preSolution
		Debug|Any CPU = Debug|Any CPU
		Release|Any CPU = Release|Any CPU
	EndGlobalSection
	GlobalSection(ProjectConfigurationPlatforms) = postSolution
		{E2E00AEC-D98F-46AB-B5B7-8C6E1DE6B125}.Debug|Any CPU.ActiveCfg = Debug|Any CPU
		{E2E00AEC-D98F-46AB-B5B7-8C6E1DE6B125}.Debug|Any CPU.Build.0 = Debug|Any CPU
		{E2E00AEC-D98F-46AB-B5B7-8C6E1DE6B125}.Release|Any CPU.ActiveCfg = Release|Any CPU
		{E2E00AEC-D98F-46AB-B5B7-8C6E1DE6B125}.Release|Any CPU.Build.0 = Release|Any CPU
	EndGlobalSection
	GlobalSection(SolutionProperties) = preSolution
		HideSolutionNode = FALSE
	EndGlobalSection
	GlobalSection(ExtensibilityGlobals) = postSolution
		SolutionGuid = {431B7A85-10F8-44DD-BA60-031D2D032A4A}
	EndGlobalSection
EndGlobal
