
Microsoft Visual Studio Solution File, Format Version 12.00
# Visual Studio 15
VisualStudioVersion = 15.0.28307.168
MinimumVisualStudioVersion = 10.0.40219.1
Project("{FAE04EC0-301F-11D3-BF4B-00C04F79EFBC}") = "Chapter_7_Program_1", "Chapter_7_Program_1\Chapter_7_Program_1.csproj", "{45DDF33B-7788-4C4D-9999-B113F3A4970A}"
EndProject
Global
	GlobalSection(SolutionConfigurationPlatforms) = preSolution
		Debug|Any CPU = Debug|Any CPU
		Release|Any CPU = Release|Any CPU
	EndGlobalSection
	GlobalSection(ProjectConfigurationPlatforms) = postSolution
		{45DDF33B-7788-4C4D-9999-B113F3A4970A}.Debug|Any CPU.ActiveCfg = Debug|Any CPU
		{45DDF33B-7788-4C4D-9999-B113F3A4970A}.Debug|Any CPU.Build.0 = Debug|Any CPU
		{45DDF33B-7788-4C4D-9999-B113F3A4970A}.Release|Any CPU.ActiveCfg = Release|Any CPU
		{45DDF33B-7788-4C4D-9999-B113F3A4970A}.Release|Any CPU.Build.0 = Release|Any CPU
	EndGlobalSection
	GlobalSection(SolutionProperties) = preSolution
		HideSolutionNode = FALSE
	EndGlobalSection
	GlobalSection(ExtensibilityGlobals) = postSolution
		SolutionGuid = {79114BD6-E499-453E-9AA9-1F58513E6BB5}
	EndGlobalSection
EndGlobal
