
Microsoft Visual Studio Solution File, Format Version 12.00
Project("{FAE04EC0-301F-11D3-BF4B-00C04F79EFBC}") = "Chapter_8_Swindler", "Chapter_8_Swindler.csproj", "{3AC1FF4F-6AA8-448D-9411-E1D19BBFD395}"
EndProject
Global
	GlobalSection(SolutionConfigurationPlatforms) = preSolution
		Debug|Any CPU = Debug|Any CPU
		Release|Any CPU = Release|Any CPU
	EndGlobalSection
	GlobalSection(ProjectConfigurationPlatforms) = postSolution
		{3AC1FF4F-6AA8-448D-9411-E1D19BBFD395}.Debug|Any CPU.ActiveCfg = Debug|Any CPU
		{3AC1FF4F-6AA8-448D-9411-E1D19BBFD395}.Debug|Any CPU.Build.0 = Debug|Any CPU
		{3AC1FF4F-6AA8-448D-9411-E1D19BBFD395}.Release|Any CPU.ActiveCfg = Release|Any CPU
		{3AC1FF4F-6AA8-448D-9411-E1D19BBFD395}.Release|Any CPU.Build.0 = Release|Any CPU
	EndGlobalSection
EndGlobal
