
Microsoft Visual Studio Solution File, Format Version 12.00
# Visual Studio 15
VisualStudioVersion = 15.0.28010.2016
MinimumVisualStudioVersion = 10.0.40219.1
Project("{FAE04EC0-301F-11D3-BF4B-00C04F79EFBC}") = "Chapter 3 - Pool Puzzle 1", "Chapter 3 - Pool Puzzle 1\Chapter 3 - Pool Puzzle 1.csproj", "{A8DE6FFD-86EF-493D-8FB1-24CC494CC904}"
EndProject
Global
	GlobalSection(SolutionConfigurationPlatforms) = preSolution
		Debug|Any CPU = Debug|Any CPU
		Release|Any CPU = Release|Any CPU
	EndGlobalSection
	GlobalSection(ProjectConfigurationPlatforms) = postSolution
		{A8DE6FFD-86EF-493D-8FB1-24CC494CC904}.Debug|Any CPU.ActiveCfg = Debug|Any CPU
		{A8DE6FFD-86EF-493D-8FB1-24CC494CC904}.Debug|Any CPU.Build.0 = Debug|Any CPU
		{A8DE6FFD-86EF-493D-8FB1-24CC494CC904}.Release|Any CPU.ActiveCfg = Release|Any CPU
		{A8DE6FFD-86EF-493D-8FB1-24CC494CC904}.Release|Any CPU.Build.0 = Release|Any CPU
	EndGlobalSection
	GlobalSection(SolutionProperties) = preSolution
		HideSolutionNode = FALSE
	EndGlobalSection
	GlobalSection(ExtensibilityGlobals) = postSolution
		SolutionGuid = {BD9C9CEB-5593-4AC6-B10D-5B2AB0CE74B6}
	EndGlobalSection
EndGlobal
