
Microsoft Visual Studio Solution File, Format Version 12.00
# Visual Studio 15
VisualStudioVersion = 15.0.28010.2050
MinimumVisualStudioVersion = 10.0.40219.1
Project("{FAE04EC0-301F-11D3-BF4B-00C04F79EFBC}") = "Chapter_5_Party_Planner", "Chapter_5_Party_Planner\Chapter_5_Party_Planner.csproj", "{5DF498E9-A8DB-4B35-B70E-7CF36A96F216}"
EndProject
Project("{2150E333-8FDC-42A3-9474-1A3956D46DE8}") = "Solution Items", "Solution Items", "{213F2549-ED93-4C50-B94D-0F51B9342508}"
	ProjectSection(SolutionItems) = preProject
		DinnerParty.cs = DinnerParty.cs
	EndProjectSection
EndProject
Global
	GlobalSection(SolutionConfigurationPlatforms) = preSolution
		Debug|Any CPU = Debug|Any CPU
		Release|Any CPU = Release|Any CPU
	EndGlobalSection
	GlobalSection(ProjectConfigurationPlatforms) = postSolution
		{5DF498E9-A8DB-4B35-B70E-7CF36A96F216}.Debug|Any CPU.ActiveCfg = Debug|Any CPU
		{5DF498E9-A8DB-4B35-B70E-7CF36A96F216}.Debug|Any CPU.Build.0 = Debug|Any CPU
		{5DF498E9-A8DB-4B35-B70E-7CF36A96F216}.Release|Any CPU.ActiveCfg = Release|Any CPU
		{5DF498E9-A8DB-4B35-B70E-7CF36A96F216}.Release|Any CPU.Build.0 = Release|Any CPU
	EndGlobalSection
	GlobalSection(SolutionProperties) = preSolution
		HideSolutionNode = FALSE
	EndGlobalSection
	GlobalSection(ExtensibilityGlobals) = postSolution
		SolutionGuid = {1B661985-896C-48C5-9ED3-422B03FCE91E}
	EndGlobalSection
EndGlobal
