
Microsoft Visual Studio Solution File, Format Version 12.00
# Visual Studio 15
VisualStudioVersion = 15.0.28010.2046
MinimumVisualStudioVersion = 10.0.40219.1
Project("{FAE04EC0-301F-11D3-BF4B-00C04F79EFBC}") = "Elephants", "Elephants.csproj", "{86372008-4A6D-4192-ACBD-F7EAB4F5CC0E}"
EndProject
Global
	GlobalSection(SolutionConfigurationPlatforms) = preSolution
		Debug|Any CPU = Debug|Any CPU
		Release|Any CPU = Release|Any CPU
	EndGlobalSection
	GlobalSection(ProjectConfigurationPlatforms) = postSolution
		{86372008-4A6D-4192-ACBD-F7EAB4F5CC0E}.Debug|Any CPU.ActiveCfg = Debug|Any CPU
		{86372008-4A6D-4192-ACBD-F7EAB4F5CC0E}.Debug|Any CPU.Build.0 = Debug|Any CPU
		{86372008-4A6D-4192-ACBD-F7EAB4F5CC0E}.Release|Any CPU.ActiveCfg = Release|Any CPU
		{86372008-4A6D-4192-ACBD-F7EAB4F5CC0E}.Release|Any CPU.Build.0 = Release|Any CPU
	EndGlobalSection
	GlobalSection(SolutionProperties) = preSolution
		HideSolutionNode = FALSE
	EndGlobalSection
	GlobalSection(ExtensibilityGlobals) = postSolution
		SolutionGuid = {0A4EB948-3500-4E6F-B6A5-4C05D7CE1AB2}
	EndGlobalSection
EndGlobal
