
Microsoft Visual Studio Solution File, Format Version 12.00
# Visual Studio 15
VisualStudioVersion = 15.0.27703.2042
MinimumVisualStudioVersion = 10.0.40219.1
Project("{FAE04EC0-301F-11D3-BF4B-00C04F79EFBC}") = "PoolPuzzleANoiseAnnoysAnOyster", "PoolPuzzleANoiseAnnoysAnOyster\PoolPuzzleANoiseAnnoysAnOyster.csproj", "{88793B90-2A62-41D6-BB56-A00B1B23255C}"
EndProject
Global
	GlobalSection(SolutionConfigurationPlatforms) = preSolution
		Debug|Any CPU = Debug|Any CPU
		Release|Any CPU = Release|Any CPU
	EndGlobalSection
	GlobalSection(ProjectConfigurationPlatforms) = postSolution
		{88793B90-2A62-41D6-BB56-A00B1B23255C}.Debug|Any CPU.ActiveCfg = Debug|Any CPU
		{88793B90-2A62-41D6-BB56-A00B1B23255C}.Debug|Any CPU.Build.0 = Debug|Any CPU
		{88793B90-2A62-41D6-BB56-A00B1B23255C}.Release|Any CPU.ActiveCfg = Release|Any CPU
		{88793B90-2A62-41D6-BB56-A00B1B23255C}.Release|Any CPU.Build.0 = Release|Any CPU
	EndGlobalSection
	GlobalSection(SolutionProperties) = preSolution
		HideSolutionNode = FALSE
	EndGlobalSection
	GlobalSection(ExtensibilityGlobals) = postSolution
		SolutionGuid = {648B4CB5-F489-451C-A220-0FA7A24F291B}
	EndGlobalSection
EndGlobal
